
Microsoft Visual Studio Solution File, Format Version 12.00
# Visual Studio Version 16
VisualStudioVersion = 16.0.31702.278
MinimumVisualStudioVersion = 10.0.40219.1
Project("{8BC9CEB8-8B4A-11D0-8D11-00A0C91BC942}") = "U2110155(2semester)", "U2110155(2semester)\U2110155(2semester).vcxproj", "{F4A5A936-1EEB-492A-B5CB-8E6C0048701A}"
EndProject
Global
	GlobalSection(SolutionConfigurationPlatforms) = preSolution
		Debug|x64 = Debug|x64
		Debug|x86 = Debug|x86
		Release|x64 = Release|x64
		Release|x86 = Release|x86
	EndGlobalSection
	GlobalSection(ProjectConfigurationPlatforms) = postSolution
		{F4A5A936-1EEB-492A-B5CB-8E6C0048701A}.Debug|x64.ActiveCfg = Debug|x64
		{F4A5A936-1EEB-492A-B5CB-8E6C0048701A}.Debug|x64.Build.0 = Debug|x64
		{F4A5A936-1EEB-492A-B5CB-8E6C0048701A}.Debug|x86.ActiveCfg = Debug|Win32
		{F4A5A936-1EEB-492A-B5CB-8E6C0048701A}.Debug|x86.Build.0 = Debug|Win32
		{F4A5A936-1EEB-492A-B5CB-8E6C0048701A}.Release|x64.ActiveCfg = Release|x64
		{F4A5A936-1EEB-492A-B5CB-8E6C0048701A}.Release|x64.Build.0 = Release|x64
		{F4A5A936-1EEB-492A-B5CB-8E6C0048701A}.Release|x86.ActiveCfg = Release|Win32
		{F4A5A936-1EEB-492A-B5CB-8E6C0048701A}.Release|x86.Build.0 = Release|Win32
	EndGlobalSection
	GlobalSection(SolutionProperties) = preSolution
		HideSolutionNode = FALSE
	EndGlobalSection
	GlobalSection(ExtensibilityGlobals) = postSolution
		SolutionGuid = {433CFE4F-73F4-45D8-99D6-3938C0E2E772}
	EndGlobalSection
EndGlobal
